// !$*UTF8*$!
{
	archiveVersion = 1;
	classes = {
	};
	objectVersion = 55;
	objects = {

/* Begin PBXBuildFile section */
		5BBBD7FB2A1D9E88002D6F3D /* brewTopiaApp.swift in Sources */ = {isa = PBXBuildFile; fileRef = 5BBBD7FA2A1D9E88002D6F3D /* brewTopiaApp.swift */; };
		5BBBD7FD2A1D9E88002D6F3D /* ContentView.swift in Sources */ = {isa = PBXBuildFile; fileRef = 5BBBD7FC2A1D9E88002D6F3D /* ContentView.swift */; };
		5BBBD7FF2A1D9E89002D6F3D /* Assets.xcassets in Resources */ = {isa = PBXBuildFile; fileRef = 5BBBD7FE2A1D9E89002D6F3D /* Assets.xcassets */; };
		5BBBD8022A1D9E89002D6F3D /* Preview Assets.xcassets in Resources */ = {isa = PBXBuildFile; fileRef = 5BBBD8012A1D9E89002D6F3D /* Preview Assets.xcassets */; };
		5BBBD80D2A1D9F1D002D6F3D /* OnBoardingView.swift in Sources */ = {isa = PBXBuildFile; fileRef = 5BBBD80C2A1D9F1D002D6F3D /* OnBoardingView.swift */; };
		5BBBD80F2A1D9F45002D6F3D /* HomeView.swift in Sources */ = {isa = PBXBuildFile; fileRef = 5BBBD80E2A1D9F45002D6F3D /* HomeView.swift */; };
		5BBBD8112A1DA130002D6F3D /* CircleGroupView.swift in Sources */ = {isa = PBXBuildFile; fileRef = 5BBBD8102A1DA130002D6F3D /* CircleGroupView.swift */; };
		5BBBD8132A1DA14E002D6F3D /* AudioPlayer.swift in Sources */ = {isa = PBXBuildFile; fileRef = 5BBBD8122A1DA14E002D6F3D /* AudioPlayer.swift */; };
		5BBBD8162A1DA182002D6F3D /* chimeup.mp3 in Resources */ = {isa = PBXBuildFile; fileRef = 5BBBD8142A1DA182002D6F3D /* chimeup.mp3 */; };
		5BBBD8172A1DA182002D6F3D /* success.m4a in Resources */ = {isa = PBXBuildFile; fileRef = 5BBBD8152A1DA182002D6F3D /* success.m4a */; };
/* End PBXBuildFile section */

/* Begin PBXFileReference section */
		5BBBD7F72A1D9E88002D6F3D /* brewTopia.app */ = {isa = PBXFileReference; explicitFileType = wrapper.application; includeInIndex = 0; path = brewTopia.app; sourceTree = BUILT_PRODUCTS_DIR; };
		5BBBD7FA2A1D9E88002D6F3D /* brewTopiaApp.swift */ = {isa = PBXFileReference; lastKnownFileType = sourcecode.swift; path = brewTopiaApp.swift; sourceTree = "<group>"; };
		5BBBD7FC2A1D9E88002D6F3D /* ContentView.swift */ = {isa = PBXFileReference; lastKnownFileType = sourcecode.swift; path = ContentView.swift; sourceTree = "<group>"; };
		5BBBD7FE2A1D9E89002D6F3D /* Assets.xcassets */ = {isa = PBXFileReference; lastKnownFileType = folder.assetcatalog; path = Assets.xcassets; sourceTree = "<group>"; };
		5BBBD8012A1D9E89002D6F3D /* Preview Assets.xcassets */ = {isa = PBXFileReference; lastKnownFileType = folder.assetcatalog; path = "Preview Assets.xcassets"; sourceTree = "<group>"; };
		5BBBD80C2A1D9F1D002D6F3D /* OnBoardingView.swift */ = {isa = PBXFileReference; lastKnownFileType = sourcecode.swift; path = OnBoardingView.swift; sourceTree = "<group>"; };
		5BBBD80E2A1D9F45002D6F3D /* HomeView.swift */ = {isa = PBXFileReference; lastKnownFileType = sourcecode.swift; path = HomeView.swift; sourceTree = "<group>"; };
		5BBBD8102A1DA130002D6F3D /* CircleGroupView.swift */ = {isa = PBXFileReference; lastKnownFileType = sourcecode.swift; path = CircleGroupView.swift; sourceTree = "<group>"; };
		5BBBD8122A1DA14E002D6F3D /* AudioPlayer.swift */ = {isa = PBXFileReference; lastKnownFileType = sourcecode.swift; path = AudioPlayer.swift; sourceTree = "<group>"; };
		5BBBD8142A1DA182002D6F3D /* chimeup.mp3 */ = {isa = PBXFileReference; lastKnownFileType = audio.mp3; path = chimeup.mp3; sourceTree = "<group>"; };
		5BBBD8152A1DA182002D6F3D /* success.m4a */ = {isa = PBXFileReference; lastKnownFileType = file; path = success.m4a; sourceTree = "<group>"; };
/* End PBXFileReference section */

/* Begin PBXFrameworksBuildPhase section */
		5BBBD7F42A1D9E88002D6F3D /* Frameworks */ = {
			isa = PBXFrameworksBuildPhase;
			buildActionMask = 2147483647;
			files = (
			);
			runOnlyForDeploymentPostprocessing = 0;
		};
/* End PBXFrameworksBuildPhase section */

/* Begin PBXGroup section */
		5BBBD7EE2A1D9E88002D6F3D = {
			isa = PBXGroup;
			children = (
				5BBBD7F92A1D9E88002D6F3D /* brewTopia */,
				5BBBD7F82A1D9E88002D6F3D /* Products */,
			);
			sourceTree = "<group>";
		};
		5BBBD7F82A1D9E88002D6F3D /* Products */ = {
			isa = PBXGroup;
			children = (
				5BBBD7F72A1D9E88002D6F3D /* brewTopia.app */,
			);
			name = Products;
			sourceTree = "<group>";
		};
		5BBBD7F92A1D9E88002D6F3D /* brewTopia */ = {
			isa = PBXGroup;
			children = (
				5BBBD80B2A1D9ED5002D6F3D /* Screens */,
				5BBBD80A2A1D9ECE002D6F3D /* Views */,
				5BBBD8092A1D9EC5002D6F3D /* Utilities */,
				5BBBD8082A1D9EBE002D6F3D /* Sounds */,
				5BBBD7FA2A1D9E88002D6F3D /* brewTopiaApp.swift */,
				5BBBD7FE2A1D9E89002D6F3D /* Assets.xcassets */,
				5BBBD8002A1D9E89002D6F3D /* Preview Content */,
			);
			path = brewTopia;
			sourceTree = "<group>";
		};
		5BBBD8002A1D9E89002D6F3D /* Preview Content */ = {
			isa = PBXGroup;
			children = (
				5BBBD8012A1D9E89002D6F3D /* Preview Assets.xcassets */,
			);
			path = "Preview Content";
			sourceTree = "<group>";
		};
		5BBBD8082A1D9EBE002D6F3D /* Sounds */ = {
			isa = PBXGroup;
			children = (
				5BBBD8142A1DA182002D6F3D /* chimeup.mp3 */,
				5BBBD8152A1DA182002D6F3D /* success.m4a */,
			);
			path = Sounds;
			sourceTree = "<group>";
		};
		5BBBD8092A1D9EC5002D6F3D /* Utilities */ = {
			isa = PBXGroup;
			children = (
				5BBBD8122A1DA14E002D6F3D /* AudioPlayer.swift */,
			);
			path = Utilities;
			sourceTree = "<group>";
		};
		5BBBD80A2A1D9ECE002D6F3D /* Views */ = {
			isa = PBXGroup;
			children = (
				5BBBD8102A1DA130002D6F3D /* CircleGroupView.swift */,
			);
			path = Views;
			sourceTree = "<group>";
		};
		5BBBD80B2A1D9ED5002D6F3D /* Screens */ = {
			isa = PBXGroup;
			children = (
				5BBBD7FC2A1D9E88002D6F3D /* ContentView.swift */,
				5BBBD80C2A1D9F1D002D6F3D /* OnBoardingView.swift */,
				5BBBD80E2A1D9F45002D6F3D /* HomeView.swift */,
			);
			path = Screens;
			sourceTree = "<group>";
		};
/* End PBXGroup section */

/* Begin PBXNativeTarget section */
		5BBBD7F62A1D9E88002D6F3D /* brewTopia */ = {
			isa = PBXNativeTarget;
			buildConfigurationList = 5BBBD8052A1D9E89002D6F3D /* Build configuration list for PBXNativeTarget "brewTopia" */;
			buildPhases = (
				5BBBD7F32A1D9E88002D6F3D /* Sources */,
				5BBBD7F42A1D9E88002D6F3D /* Frameworks */,
				5BBBD7F52A1D9E88002D6F3D /* Resources */,
			);
			buildRules = (
			);
			dependencies = (
			);
			name = brewTopia;
			productName = brewTopia;
			productReference = 5BBBD7F72A1D9E88002D6F3D /* brewTopia.app */;
			productType = "com.apple.product-type.application";
		};
/* End PBXNativeTarget section */

/* Begin PBXProject section */
		5BBBD7EF2A1D9E88002D6F3D /* Project object */ = {
			isa = PBXProject;
			attributes = {
				BuildIndependentTargetsInParallel = 1;
				LastSwiftUpdateCheck = 1340;
				LastUpgradeCheck = 1340;
				TargetAttributes = {
					5BBBD7F62A1D9E88002D6F3D = {
						CreatedOnToolsVersion = 13.4.1;
					};
				};
			};
			buildConfigurationList = 5BBBD7F22A1D9E88002D6F3D /* Build configuration list for PBXProject "brewTopia" */;
			compatibilityVersion = "Xcode 13.0";
			developmentRegion = en;
			hasScannedForEncodings = 0;
			knownRegions = (
				en,
				Base,
			);
			mainGroup = 5BBBD7EE2A1D9E88002D6F3D;
			productRefGroup = 5BBBD7F82A1D9E88002D6F3D /* Products */;
			projectDirPath = "";
			projectRoot = "";
			targets = (
				5BBBD7F62A1D9E88002D6F3D /* brewTopia */,
			);
		};
/* End PBXProject section */

/* Begin PBXResourcesBuildPhase section */
		5BBBD7F52A1D9E88002D6F3D /* Resources */ = {
			isa = PBXResourcesBuildPhase;
			buildActionMask = 2147483647;
			files = (
				5BBBD8172A1DA182002D6F3D /* success.m4a in Resources */,
				5BBBD8162A1DA182002D6F3D /* chimeup.mp3 in Resources */,
				5BBBD8022A1D9E89002D6F3D /* Preview Assets.xcassets in Resources */,
				5BBBD7FF2A1D9E89002D6F3D /* Assets.xcassets in Resources */,
			);
			runOnlyForDeploymentPostprocessing = 0;
		};
/* End PBXResourcesBuildPhase section */

/* Begin PBXSourcesBuildPhase section */
		5BBBD7F32A1D9E88002D6F3D /* Sources */ = {
			isa = PBXSourcesBuildPhase;
			buildActionMask = 2147483647;
			files = (
				5BBBD8112A1DA130002D6F3D /* CircleGroupView.swift in Sources */,
				5BBBD80D2A1D9F1D002D6F3D /* OnBoardingView.swift in Sources */,
				5BBBD80F2A1D9F45002D6F3D /* HomeView.swift in Sources */,
				5BBBD7FD2A1D9E88002D6F3D /* ContentView.swift in Sources */,
				5BBBD7FB2A1D9E88002D6F3D /* brewTopiaApp.swift in Sources */,
				5BBBD8132A1DA14E002D6F3D /* AudioPlayer.swift in Sources */,
			);
			runOnlyForDeploymentPostprocessing = 0;
		};
/* End PBXSourcesBuildPhase section */

/* Begin XCBuildConfiguration section */
		5BBBD8032A1D9E89002D6F3D /* Debug */ = {
			isa = XCBuildConfiguration;
			buildSettings = {
				ALWAYS_SEARCH_USER_PATHS = NO;
				CLANG_ANALYZER_NONNULL = YES;
				CLANG_ANALYZER_NUMBER_OBJECT_CONVERSION = YES_AGGRESSIVE;
				CLANG_CXX_LANGUAGE_STANDARD = "gnu++17";
				CLANG_ENABLE_MODULES = YES;
				CLANG_ENABLE_OBJC_ARC = YES;
				CLANG_ENABLE_OBJC_WEAK = YES;
				CLANG_WARN_BLOCK_CAPTURE_AUTORELEASING = YES;
				CLANG_WARN_BOOL_CONVERSION = YES;
				CLANG_WARN_COMMA = YES;
				CLANG_WARN_CONSTANT_CONVERSION = YES;
				CLANG_WARN_DEPRECATED_OBJC_IMPLEMENTATIONS = YES;
				CLANG_WARN_DIRECT_OBJC_ISA_USAGE = YES_ERROR;
				CLANG_WARN_DOCUMENTATION_COMMENTS = YES;
				CLANG_WARN_EMPTY_BODY = YES;
				CLANG_WARN_ENUM_CONVERSION = YES;
				CLANG_WARN_INFINITE_RECURSION = YES;
				CLANG_WARN_INT_CONVERSION = YES;
				CLANG_WARN_NON_LITERAL_NULL_CONVERSION = YES;
				CLANG_WARN_OBJC_IMPLICIT_RETAIN_SELF = YES;
				CLANG_WARN_OBJC_LITERAL_CONVERSION = YES;
				CLANG_WARN_OBJC_ROOT_CLASS = YES_ERROR;
				CLANG_WARN_QUOTED_INCLUDE_IN_FRAMEWORK_HEADER = YES;
				CLANG_WARN_RANGE_LOOP_ANALYSIS = YES;
				CLANG_WARN_STRICT_PROTOTYPES = YES;
				CLANG_WARN_SUSPICIOUS_MOVE = YES;
				CLANG_WARN_UNGUARDED_AVAILABILITY = YES_AGGRESSIVE;
				CLANG_WARN_UNREACHABLE_CODE = YES;
				CLANG_WARN__DUPLICATE_METHOD_MATCH = YES;
				COPY_PHASE_STRIP = NO;
				DEBUG_INFORMATION_FORMAT = dwarf;
				ENABLE_STRICT_OBJC_MSGSEND = YES;
				ENABLE_TESTABILITY = YES;
				GCC_C_LANGUAGE_STANDARD = gnu11;
				GCC_DYNAMIC_NO_PIC = NO;
				GCC_NO_COMMON_BLOCKS = YES;
				GCC_OPTIMIZATION_LEVEL = 0;
				GCC_PREPROCESSOR_DEFINITIONS = (
					"DEBUG=1",
					"$(inherited)",
				);
				GCC_WARN_64_TO_32_BIT_CONVERSION = YES;
				GCC_WARN_ABOUT_RETURN_TYPE = YES_ERROR;
				GCC_WARN_UNDECLARED_SELECTOR = YES;
				GCC_WARN_UNINITIALIZED_AUTOS = YES_AGGRESSIVE;
				GCC_WARN_UNUSED_FUNCTION = YES;
				GCC_WARN_UNUSED_VARIABLE = YES;
				IPHONEOS_DEPLOYMENT_TARGET = 15.5;
				MTL_ENABLE_DEBUG_INFO = INCLUDE_SOURCE;
				MTL_FAST_MATH = YES;
				ONLY_ACTIVE_ARCH = YES;
				SDKROOT = iphoneos;
				SWIFT_ACTIVE_COMPILATION_CONDITIONS = DEBUG;
				SWIFT_OPTIMIZATION_LEVEL = "-Onone";
			};
			name = Debug;
		};
		5BBBD8042A1D9E89002D6F3D /* Release */ = {
			isa = XCBuildConfiguration;
			buildSettings = {
				ALWAYS_SEARCH_USER_PATHS = NO;
				CLANG_ANALYZER_NONNULL = YES;
				CLANG_ANALYZER_NUMBER_OBJECT_CONVERSION = YES_AGGRESSIVE;
				CLANG_CXX_LANGUAGE_STANDARD = "gnu++17";
				CLANG_ENABLE_MODULES = YES;
				CLANG_ENABLE_OBJC_ARC = YES;
				CLANG_ENABLE_OBJC_WEAK = YES;
				CLANG_WARN_BLOCK_CAPTURE_AUTORELEASING = YES;
				CLANG_WARN_BOOL_CONVERSION = YES;
				CLANG_WARN_COMMA = YES;
				CLANG_WARN_CONSTANT_CONVERSION = YES;
				CLANG_WARN_DEPRECATED_OBJC_IMPLEMENTATIONS = YES;
				CLANG_WARN_DIRECT_OBJC_ISA_USAGE = YES_ERROR;
				CLANG_WARN_DOCUMENTATION_COMMENTS = YES;
				CLANG_WARN_EMPTY_BODY = YES;
				CLANG_WARN_ENUM_CONVERSION = YES;
				CLANG_WARN_INFINITE_RECURSION = YES;
				CLANG_WARN_INT_CONVERSION = YES;
				CLANG_WARN_NON_LITERAL_NULL_CONVERSION = YES;
				CLANG_WARN_OBJC_IMPLICIT_RETAIN_SELF = YES;
				CLANG_WARN_OBJC_LITERAL_CONVERSION = YES;
				CLANG_WARN_OBJC_ROOT_CLASS = YES_ERROR;
				CLANG_WARN_QUOTED_INCLUDE_IN_FRAMEWORK_HEADER = YES;
				CLANG_WARN_RANGE_LOOP_ANALYSIS = YES;
				CLANG_WARN_STRICT_PROTOTYPES = YES;
				CLANG_WARN_SUSPICIOUS_MOVE = YES;
				CLANG_WARN_UNGUARDED_AVAILABILITY = YES_AGGRESSIVE;
				CLANG_WARN_UNREACHABLE_CODE = YES;
				CLANG_WARN__DUPLICATE_METHOD_MATCH = YES;
				COPY_PHASE_STRIP = NO;
				DEBUG_INFORMATION_FORMAT = "dwarf-with-dsym";
				ENABLE_NS_ASSERTIONS = NO;
				ENABLE_STRICT_OBJC_MSGSEND = YES;
				GCC_C_LANGUAGE_STANDARD = gnu11;
				GCC_NO_COMMON_BLOCKS = YES;
				GCC_WARN_64_TO_32_BIT_CONVERSION = YES;
				GCC_WARN_ABOUT_RETURN_TYPE = YES_ERROR;
				GCC_WARN_UNDECLARED_SELECTOR = YES;
				GCC_WARN_UNINITIALIZED_AUTOS = YES_AGGRESSIVE;
				GCC_WARN_UNUSED_FUNCTION = YES;
				GCC_WARN_UNUSED_VARIABLE = YES;
				IPHONEOS_DEPLOYMENT_TARGET = 15.5;
				MTL_ENABLE_DEBUG_INFO = NO;
				MTL_FAST_MATH = YES;
				SDKROOT = iphoneos;
				SWIFT_COMPILATION_MODE = wholemodule;
				SWIFT_OPTIMIZATION_LEVEL = "-O";
				VALIDATE_PRODUCT = YES;
			};
			name = Release;
		};
		5BBBD8062A1D9E89002D6F3D /* Debug */ = {
			isa = XCBuildConfiguration;
			buildSettings = {
				ASSETCATALOG_COMPILER_APPICON_NAME = AppIcon;
				ASSETCATALOG_COMPILER_GLOBAL_ACCENT_COLOR_NAME = AccentColor;
				ASSETCATALOG_COMPILER_INCLUDE_ALL_APPICON_ASSETS = YES;
				CODE_SIGN_STYLE = Automatic;
				CURRENT_PROJECT_VERSION = 1;
				DEVELOPMENT_ASSET_PATHS = "\"brewTopia/Preview Content\"";
				ENABLE_PREVIEWS = YES;
				GENERATE_INFOPLIST_FILE = YES;
				INFOPLIST_KEY_UIApplicationSceneManifest_Generation = YES;
				INFOPLIST_KEY_UIApplicationSupportsIndirectInputEvents = YES;
				INFOPLIST_KEY_UILaunchScreen_Generation = YES;
				INFOPLIST_KEY_UISupportedInterfaceOrientations = UIInterfaceOrientationPortrait;
				INFOPLIST_KEY_UISupportedInterfaceOrientations_iPad = "UIInterfaceOrientationPortrait UIInterfaceOrientationPortraitUpsideDown UIInterfaceOrientationLandscapeLeft UIInterfaceOrientationLandscapeRight";
				INFOPLIST_KEY_UISupportedInterfaceOrientations_iPhone = "UIInterfaceOrientationPortrait UIInterfaceOrientationLandscapeLeft UIInterfaceOrientationLandscapeRight";
				IPHONEOS_DEPLOYMENT_TARGET = 15.0;
				LD_RUNPATH_SEARCH_PATHS = (
					"$(inherited)",
					"@executable_path/Frameworks",
				);
				MARKETING_VERSION = 1.0;
				PRODUCT_BUNDLE_IDENTIFIER = com.splitViewTestApp.brewTopia;
				PRODUCT_NAME = brewTopia;
				SWIFT_EMIT_LOC_STRINGS = YES;
				SWIFT_VERSION = 5.0;
				TARGETED_DEVICE_FAMILY = 1;
			};
			name = Debug;
		};
		5BBBD8072A1D9E89002D6F3D /* Release */ = {
			isa = XCBuildConfiguration;
			buildSettings = {
				ASSETCATALOG_COMPILER_APPICON_NAME = AppIcon;
				ASSETCATALOG_COMPILER_GLOBAL_ACCENT_COLOR_NAME = AccentColor;
				ASSETCATALOG_COMPILER_INCLUDE_ALL_APPICON_ASSETS = YES;
				CODE_SIGN_STYLE = Automatic;
				CURRENT_PROJECT_VERSION = 1;
				DEVELOPMENT_ASSET_PATHS = "\"brewTopia/Preview Content\"";
				ENABLE_PREVIEWS = YES;
				GENERATE_INFOPLIST_FILE = YES;
				INFOPLIST_KEY_UIApplicationSceneManifest_Generation = YES;
				INFOPLIST_KEY_UIApplicationSupportsIndirectInputEvents = YES;
				INFOPLIST_KEY_UILaunchScreen_Generation = YES;
				INFOPLIST_KEY_UISupportedInterfaceOrientations = UIInterfaceOrientationPortrait;
				INFOPLIST_KEY_UISupportedInterfaceOrientations_iPad = "UIInterfaceOrientationPortrait UIInterfaceOrientationPortraitUpsideDown UIInterfaceOrientationLandscapeLeft UIInterfaceOrientationLandscapeRight";
				INFOPLIST_KEY_UISupportedInterfaceOrientations_iPhone = "UIInterfaceOrientationPortrait UIInterfaceOrientationLandscapeLeft UIInterfaceOrientationLandscapeRight";
				IPHONEOS_DEPLOYMENT_TARGET = 15.0;
				LD_RUNPATH_SEARCH_PATHS = (
					"$(inherited)",
					"@executable_path/Frameworks",
				);
				MARKETING_VERSION = 1.0;
				PRODUCT_BUNDLE_IDENTIFIER = com.splitViewTestApp.brewTopia;
				PRODUCT_NAME = brewTopia;
				SWIFT_EMIT_LOC_STRINGS = YES;
				SWIFT_VERSION = 5.0;
				TARGETED_DEVICE_FAMILY = 1;
			};
			name = Release;
		};
/* End XCBuildConfiguration section */

/* Begin XCConfigurationList section */
		5BBBD7F22A1D9E88002D6F3D /* Build configuration list for PBXProject "brewTopia" */ = {
			isa = XCConfigurationList;
			buildConfigurations = (
				5BBBD8032A1D9E89002D6F3D /* Debug */,
				5BBBD8042A1D9E89002D6F3D /* Release */,
			);
			defaultConfigurationIsVisible = 0;
			defaultConfigurationName = Release;
		};
		5BBBD8052A1D9E89002D6F3D /* Build configuration list for PBXNativeTarget "brewTopia" */ = {
			isa = XCConfigurationList;
			buildConfigurations = (
				5BBBD8062A1D9E89002D6F3D /* Debug */,
				5BBBD8072A1D9E89002D6F3D /* Release */,
			);
			defaultConfigurationIsVisible = 0;
			defaultConfigurationName = Release;
		};
/* End XCConfigurationList section */
	};
	rootObject = 5BBBD7EF2A1D9E88002D6F3D /* Project object */;
}
